{
  "name": "syslog",
  "version": "1.0.0",
  "lockfileVersion": 1,
  "requires": true,
  "dependencies": {
    "limiter": {
      "version": "1.1.5",
      "resolved": "https://registry.npmjs.org/limiter/-/limiter-1.1.5.tgz",
      "integrity": "sha512-FWWMIEOxz3GwUI4Ts/IvgVy6LPvoMPgjMdQ185nN6psJyBJ4yOpzqm695/h5umdLJg2vW3GR5iG11MAkR2AzJA=="
    },
    "syslog-server": {
      "version": "1.0.1",
      "resolved": "https://registry.npmjs.org/syslog-server/-/syslog-server-1.0.1.tgz",
      "integrity": "sha512-glm2z2dsewPUIpKnc9OQkUnQMNY+NsZT324bypMokAnwpWgb9/kzqq6p+Fsj3v0xlC+G3ubM70X/vzYPy1Yx6Q=="
    }
  }
}
